// !$*UTF8*$!
{
	archiveVersion = 1;
	classes = {
	};
	objectVersion = 46;
	objects = {

/* Begin PBXBuildFile section */
		23C7174209E205BE709A689B /* Pods_AdDemo.framework in Frameworks */ = {isa = PBXBuildFile; fileRef = 1B71C069AA76AFBD485818B1 /* Pods_AdDemo.framework */; };
		3F7211231D9C05C100325BC1 /* AppDelegate.swift in Sources */ = {isa = PBXBuildFile; fileRef = 3F7211221D9C05C100325BC1 /* AppDelegate.swift */; };
		3F7211251D9C05C100325BC1 /* ViewController.swift in Sources */ = {isa = PBXBuildFile; fileRef = 3F7211241D9C05C100325BC1 /* ViewController.swift */; };
		3F7211281D9C05C100325BC1 /* Main.storyboard in Resources */ = {isa = PBXBuildFile; fileRef = 3F7211261D9C05C100325BC1 /* Main.storyboard */; };
		3F72112A1D9C05C100325BC1 /* Assets.xcassets in Resources */ = {isa = PBXBuildFile; fileRef = 3F7211291D9C05C100325BC1 /* Assets.xcassets */; };
		3F7211381D9C060200325BC1 /* AdVC.swift in Sources */ = {isa = PBXBuildFile; fileRef = 3F7211361D9C060200325BC1 /* AdVC.swift */; };
		3F7211391D9C060200325BC1 /* AdVC.xib in Resources */ = {isa = PBXBuildFile; fileRef = 3F7211371D9C060200325BC1 /* AdVC.xib */; };
		3F7211421D9C06CA00325BC1 /* LaunchImage-568h@2x.png in Resources */ = {isa = PBXBuildFile; fileRef = 3F72113B1D9C06CA00325BC1 /* LaunchImage-568h@2x.png */; };
		3F7211431D9C06CA00325BC1 /* LaunchImage-700-568h@2x.png in Resources */ = {isa = PBXBuildFile; fileRef = 3F72113C1D9C06CA00325BC1 /* LaunchImage-700-568h@2x.png */; };
		3F7211441D9C06CA00325BC1 /* LaunchImage-700@2x.png in Resources */ = {isa = PBXBuildFile; fileRef = 3F72113D1D9C06CA00325BC1 /* LaunchImage-700@2x.png */; };
		3F7211451D9C06CA00325BC1 /* LaunchImage-800-667h@2x.png in Resources */ = {isa = PBXBuildFile; fileRef = 3F72113E1D9C06CA00325BC1 /* LaunchImage-800-667h@2x.png */; };
		3F7211461D9C06CA00325BC1 /* LaunchImage-800-Portrait-736h@3x.png in Resources */ = {isa = PBXBuildFile; fileRef = 3F72113F1D9C06CA00325BC1 /* LaunchImage-800-Portrait-736h@3x.png */; };
		3F7211471D9C06CA00325BC1 /* LaunchImage.png in Resources */ = {isa = PBXBuildFile; fileRef = 3F7211401D9C06CA00325BC1 /* LaunchImage.png */; };
		3F7211481D9C06CA00325BC1 /* LaunchImage@2x.png in Resources */ = {isa = PBXBuildFile; fileRef = 3F7211411D9C06CA00325BC1 /* LaunchImage@2x.png */; };
		3F73DBF71D9E383200700FB7 /* Ad.swift in Sources */ = {isa = PBXBuildFile; fileRef = 3F73DBF61D9E383200700FB7 /* Ad.swift */; };
		3F73EAA31D9D5ABE0005BD9E /* Default-568h@2x.png in Resources */ = {isa = PBXBuildFile; fileRef = 3F73EAA21D9D5ABE0005BD9E /* Default-568h@2x.png */; };
		3F8F1E8A1D9C0D6C008432D9 /* NetWorkTools.swift in Sources */ = {isa = PBXBuildFile; fileRef = 3F8F1E891D9C0D6C008432D9 /* NetWorkTools.swift */; };
/* End PBXBuildFile section */

/* Begin PBXFileReference section */
		1B71C069AA76AFBD485818B1 /* Pods_AdDemo.framework */ = {isa = PBXFileReference; explicitFileType = wrapper.framework; includeInIndex = 0; path = Pods_AdDemo.framework; sourceTree = BUILT_PRODUCTS_DIR; };
		21C387D86C5F4D077E43BD1D /* Pods-AdDemo.debug.xcconfig */ = {isa = PBXFileReference; includeInIndex = 1; lastKnownFileType = text.xcconfig; name = "Pods-AdDemo.debug.xcconfig"; path = "Pods/Target Support Files/Pods-AdDemo/Pods-AdDemo.debug.xcconfig"; sourceTree = "<group>"; };
		3F72111F1D9C05C100325BC1 /* AdDemo.app */ = {isa = PBXFileReference; explicitFileType = wrapper.application; includeInIndex = 0; path = AdDemo.app; sourceTree = BUILT_PRODUCTS_DIR; };
		3F7211221D9C05C100325BC1 /* AppDelegate.swift */ = {isa = PBXFileReference; lastKnownFileType = sourcecode.swift; path = AppDelegate.swift; sourceTree = "<group>"; };
		3F7211241D9C05C100325BC1 /* ViewController.swift */ = {isa = PBXFileReference; lastKnownFileType = sourcecode.swift; path = ViewController.swift; sourceTree = "<group>"; };
		3F7211271D9C05C100325BC1 /* Base */ = {isa = PBXFileReference; lastKnownFileType = file.storyboard; name = Base; path = Base.lproj/Main.storyboard; sourceTree = "<group>"; };
		3F7211291D9C05C100325BC1 /* Assets.xcassets */ = {isa = PBXFileReference; lastKnownFileType = folder.assetcatalog; path = Assets.xcassets; sourceTree = "<group>"; };
		3F72112E1D9C05C100325BC1 /* Info.plist */ = {isa = PBXFileReference; lastKnownFileType = text.plist.xml; path = Info.plist; sourceTree = "<group>"; };
		3F7211361D9C060200325BC1 /* AdVC.swift */ = {isa = PBXFileReference; fileEncoding = 4; lastKnownFileType = sourcecode.swift; path = AdVC.swift; sourceTree = "<group>"; };
		3F7211371D9C060200325BC1 /* AdVC.xib */ = {isa = PBXFileReference; fileEncoding = 4; lastKnownFileType = file.xib; path = AdVC.xib; sourceTree = "<group>"; };
		3F72113B1D9C06CA00325BC1 /* LaunchImage-568h@2x.png */ = {isa = PBXFileReference; lastKnownFileType = image.png; path = "LaunchImage-568h@2x.png"; sourceTree = "<group>"; };
		3F72113C1D9C06CA00325BC1 /* LaunchImage-700-568h@2x.png */ = {isa = PBXFileReference; lastKnownFileType = image.png; path = "LaunchImage-700-568h@2x.png"; sourceTree = "<group>"; };
		3F72113D1D9C06CA00325BC1 /* LaunchImage-700@2x.png */ = {isa = PBXFileReference; lastKnownFileType = image.png; path = "LaunchImage-700@2x.png"; sourceTree = "<group>"; };
		3F72113E1D9C06CA00325BC1 /* LaunchImage-800-667h@2x.png */ = {isa = PBXFileReference; lastKnownFileType = image.png; path = "LaunchImage-800-667h@2x.png"; sourceTree = "<group>"; };
		3F72113F1D9C06CA00325BC1 /* LaunchImage-800-Portrait-736h@3x.png */ = {isa = PBXFileReference; lastKnownFileType = image.png; path = "LaunchImage-800-Portrait-736h@3x.png"; sourceTree = "<group>"; };
		3F7211401D9C06CA00325BC1 /* LaunchImage.png */ = {isa = PBXFileReference; lastKnownFileType = image.png; path = LaunchImage.png; sourceTree = "<group>"; };
		3F7211411D9C06CA00325BC1 /* LaunchImage@2x.png */ = {isa = PBXFileReference; lastKnownFileType = image.png; path = "LaunchImage@2x.png"; sourceTree = "<group>"; };
		3F73DBF61D9E383200700FB7 /* Ad.swift */ = {isa = PBXFileReference; fileEncoding = 4; lastKnownFileType = sourcecode.swift; path = Ad.swift; sourceTree = "<group>"; };
		3F73EAA21D9D5ABE0005BD9E /* Default-568h@2x.png */ = {isa = PBXFileReference; lastKnownFileType = image.png; name = "Default-568h@2x.png"; path = "../../Default-568h@2x.png"; sourceTree = "<group>"; };
		3F8F1E891D9C0D6C008432D9 /* NetWorkTools.swift */ = {isa = PBXFileReference; fileEncoding = 4; lastKnownFileType = sourcecode.swift; path = NetWorkTools.swift; sourceTree = "<group>"; };
		EE617D807EEA12A408DA704B /* Pods-AdDemo.release.xcconfig */ = {isa = PBXFileReference; includeInIndex = 1; lastKnownFileType = text.xcconfig; name = "Pods-AdDemo.release.xcconfig"; path = "Pods/Target Support Files/Pods-AdDemo/Pods-AdDemo.release.xcconfig"; sourceTree = "<group>"; };
/* End PBXFileReference section */

/* Begin PBXFrameworksBuildPhase section */
		3F72111C1D9C05C100325BC1 /* Frameworks */ = {
			isa = PBXFrameworksBuildPhase;
			buildActionMask = 2147483647;
			files = (
				23C7174209E205BE709A689B /* Pods_AdDemo.framework in Frameworks */,
			);
			runOnlyForDeploymentPostprocessing = 0;
		};
/* End PBXFrameworksBuildPhase section */

/* Begin PBXGroup section */
		3F7211161D9C05C100325BC1 = {
			isa = PBXGroup;
			children = (
				3F7211211D9C05C100325BC1 /* AdDemo */,
				3F7211201D9C05C100325BC1 /* Products */,
				9614D50B43D6D3A85BEA0528 /* Pods */,
				6A03DF5426D506F2FD921832 /* Frameworks */,
			);
			sourceTree = "<group>";
		};
		3F7211201D9C05C100325BC1 /* Products */ = {
			isa = PBXGroup;
			children = (
				3F72111F1D9C05C100325BC1 /* AdDemo.app */,
			);
			name = Products;
			sourceTree = "<group>";
		};
		3F7211211D9C05C100325BC1 /* AdDemo */ = {
			isa = PBXGroup;
			children = (
				3F72113A1D9C06BE00325BC1 /* Images */,
				3F7211341D9C05E500325BC1 /* Classes */,
				3F7211221D9C05C100325BC1 /* AppDelegate.swift */,
				3F7211241D9C05C100325BC1 /* ViewController.swift */,
				3F7211261D9C05C100325BC1 /* Main.storyboard */,
				3F7211291D9C05C100325BC1 /* Assets.xcassets */,
				3F72112E1D9C05C100325BC1 /* Info.plist */,
			);
			path = AdDemo;
			sourceTree = "<group>";
		};
		3F7211341D9C05E500325BC1 /* Classes */ = {
			isa = PBXGroup;
			children = (
				3F8F1E881D9C0D4A008432D9 /* Tools */,
				3F7211351D9C05E500325BC1 /* AD */,
			);
			path = Classes;
			sourceTree = "<group>";
		};
		3F7211351D9C05E500325BC1 /* AD */ = {
			isa = PBXGroup;
			children = (
				3F7211361D9C060200325BC1 /* AdVC.swift */,
				3F7211371D9C060200325BC1 /* AdVC.xib */,
				3F73DBF61D9E383200700FB7 /* Ad.swift */,
			);
			path = AD;
			sourceTree = "<group>";
		};
		3F72113A1D9C06BE00325BC1 /* Images */ = {
			isa = PBXGroup;
			children = (
				3F73EAA21D9D5ABE0005BD9E /* Default-568h@2x.png */,
				3F72113B1D9C06CA00325BC1 /* LaunchImage-568h@2x.png */,
				3F72113C1D9C06CA00325BC1 /* LaunchImage-700-568h@2x.png */,
				3F72113D1D9C06CA00325BC1 /* LaunchImage-700@2x.png */,
				3F72113E1D9C06CA00325BC1 /* LaunchImage-800-667h@2x.png */,
				3F72113F1D9C06CA00325BC1 /* LaunchImage-800-Portrait-736h@3x.png */,
				3F7211401D9C06CA00325BC1 /* LaunchImage.png */,
				3F7211411D9C06CA00325BC1 /* LaunchImage@2x.png */,
			);
			path = Images;
			sourceTree = "<group>";
		};
		3F8F1E881D9C0D4A008432D9 /* Tools */ = {
			isa = PBXGroup;
			children = (
				3F8F1E891D9C0D6C008432D9 /* NetWorkTools.swift */,
			);
			path = Tools;
			sourceTree = "<group>";
		};
		6A03DF5426D506F2FD921832 /* Frameworks */ = {
			isa = PBXGroup;
			children = (
				1B71C069AA76AFBD485818B1 /* Pods_AdDemo.framework */,
			);
			name = Frameworks;
			sourceTree = "<group>";
		};
		9614D50B43D6D3A85BEA0528 /* Pods */ = {
			isa = PBXGroup;
			children = (
				21C387D86C5F4D077E43BD1D /* Pods-AdDemo.debug.xcconfig */,
				EE617D807EEA12A408DA704B /* Pods-AdDemo.release.xcconfig */,
			);
			name = Pods;
			sourceTree = "<group>";
		};
/* End PBXGroup section */

/* Begin PBXNativeTarget section */
		3F72111E1D9C05C100325BC1 /* AdDemo */ = {
			isa = PBXNativeTarget;
			buildConfigurationList = 3F7211311D9C05C100325BC1 /* Build configuration list for PBXNativeTarget "AdDemo" */;
			buildPhases = (
				C2444A52F539CBC5FD846046 /* [CP] Check Pods Manifest.lock */,
				3F72111B1D9C05C100325BC1 /* Sources */,
				3F72111C1D9C05C100325BC1 /* Frameworks */,
				3F72111D1D9C05C100325BC1 /* Resources */,
				2D8F4A860C62D4D9A27CDCD8 /* [CP] Embed Pods Frameworks */,
				C772739FD6256FE23A840E9C /* [CP] Copy Pods Resources */,
			);
			buildRules = (
			);
			dependencies = (
			);
			name = AdDemo;
			productName = AdDemo;
			productReference = 3F72111F1D9C05C100325BC1 /* AdDemo.app */;
			productType = "com.apple.product-type.application";
		};
/* End PBXNativeTarget section */

/* Begin PBXProject section */
		3F7211171D9C05C100325BC1 /* Project object */ = {
			isa = PBXProject;
			attributes = {
				LastSwiftUpdateCheck = 0800;
				LastUpgradeCheck = 0800;
				ORGANIZATIONNAME = K;
				TargetAttributes = {
					3F72111E1D9C05C100325BC1 = {
						CreatedOnToolsVersion = 8.0;
						ProvisioningStyle = Automatic;
					};
				};
			};
			buildConfigurationList = 3F72111A1D9C05C100325BC1 /* Build configuration list for PBXProject "AdDemo" */;
			compatibilityVersion = "Xcode 3.2";
			developmentRegion = English;
			hasScannedForEncodings = 0;
			knownRegions = (
				en,
				Base,
			);
			mainGroup = 3F7211161D9C05C100325BC1;
			productRefGroup = 3F7211201D9C05C100325BC1 /* Products */;
			projectDirPath = "";
			projectRoot = "";
			targets = (
				3F72111E1D9C05C100325BC1 /* AdDemo */,
			);
		};
/* End PBXProject section */

/* Begin PBXResourcesBuildPhase section */
		3F72111D1D9C05C100325BC1 /* Resources */ = {
			isa = PBXResourcesBuildPhase;
			buildActionMask = 2147483647;
			files = (
				3F7211461D9C06CA00325BC1 /* LaunchImage-800-Portrait-736h@3x.png in Resources */,
				3F72112A1D9C05C100325BC1 /* Assets.xcassets in Resources */,
				3F7211481D9C06CA00325BC1 /* LaunchImage@2x.png in Resources */,
				3F7211431D9C06CA00325BC1 /* LaunchImage-700-568h@2x.png in Resources */,
				3F73EAA31D9D5ABE0005BD9E /* Default-568h@2x.png in Resources */,
				3F7211451D9C06CA00325BC1 /* LaunchImage-800-667h@2x.png in Resources */,
				3F7211421D9C06CA00325BC1 /* LaunchImage-568h@2x.png in Resources */,
				3F7211471D9C06CA00325BC1 /* LaunchImage.png in Resources */,
				3F7211281D9C05C100325BC1 /* Main.storyboard in Resources */,
				3F7211441D9C06CA00325BC1 /* LaunchImage-700@2x.png in Resources */,
				3F7211391D9C060200325BC1 /* AdVC.xib in Resources */,
			);
			runOnlyForDeploymentPostprocessing = 0;
		};
/* End PBXResourcesBuildPhase section */

/* Begin PBXShellScriptBuildPhase section */
		2D8F4A860C62D4D9A27CDCD8 /* [CP] Embed Pods Frameworks */ = {
			isa = PBXShellScriptBuildPhase;
			buildActionMask = 2147483647;
			files = (
			);
			inputPaths = (
			);
			name = "[CP] Embed Pods Frameworks";
			outputPaths = (
			);
			runOnlyForDeploymentPostprocessing = 0;
			shellPath = /bin/sh;
			shellScript = "\"${SRCROOT}/Pods/Target Support Files/Pods-AdDemo/Pods-AdDemo-frameworks.sh\"\n";
			showEnvVarsInLog = 0;
		};
		C2444A52F539CBC5FD846046 /* [CP] Check Pods Manifest.lock */ = {
			isa = PBXShellScriptBuildPhase;
			buildActionMask = 2147483647;
			files = (
			);
			inputPaths = (
			);
			name = "[CP] Check Pods Manifest.lock";
			outputPaths = (
			);
			runOnlyForDeploymentPostprocessing = 0;
			shellPath = /bin/sh;
			shellScript = "diff \"${PODS_ROOT}/../Podfile.lock\" \"${PODS_ROOT}/Manifest.lock\" > /dev/null\nif [[ $? != 0 ]] ; then\n    cat << EOM\nerror: The sandbox is not in sync with the Podfile.lock. Run 'pod install' or update your CocoaPods installation.\nEOM\n    exit 1\nfi\n";
			showEnvVarsInLog = 0;
		};
		C772739FD6256FE23A840E9C /* [CP] Copy Pods Resources */ = {
			isa = PBXShellScriptBuildPhase;
			buildActionMask = 2147483647;
			files = (
			);
			inputPaths = (
			);
			name = "[CP] Copy Pods Resources";
			outputPaths = (
			);
			runOnlyForDeploymentPostprocessing = 0;
			shellPath = /bin/sh;
			shellScript = "\"${SRCROOT}/Pods/Target Support Files/Pods-AdDemo/Pods-AdDemo-resources.sh\"\n";
			showEnvVarsInLog = 0;
		};
/* End PBXShellScriptBuildPhase section */

/* Begin PBXSourcesBuildPhase section */
		3F72111B1D9C05C100325BC1 /* Sources */ = {
			isa = PBXSourcesBuildPhase;
			buildActionMask = 2147483647;
			files = (
				3F8F1E8A1D9C0D6C008432D9 /* NetWorkTools.swift in Sources */,
				3F7211381D9C060200325BC1 /* AdVC.swift in Sources */,
				3F7211251D9C05C100325BC1 /* ViewController.swift in Sources */,
				3F73DBF71D9E383200700FB7 /* Ad.swift in Sources */,
				3F7211231D9C05C100325BC1 /* AppDelegate.swift in Sources */,
			);
			runOnlyForDeploymentPostprocessing = 0;
		};
/* End PBXSourcesBuildPhase section */

/* Begin PBXVariantGroup section */
		3F7211261D9C05C100325BC1 /* Main.storyboard */ = {
			isa = PBXVariantGroup;
			children = (
				3F7211271D9C05C100325BC1 /* Base */,
			);
			name = Main.storyboard;
			sourceTree = "<group>";
		};
/* End PBXVariantGroup section */

/* Begin XCBuildConfiguration section */
		3F72112F1D9C05C100325BC1 /* Debug */ = {
			isa = XCBuildConfiguration;
			buildSettings = {
				ALWAYS_SEARCH_USER_PATHS = NO;
				CLANG_ANALYZER_NONNULL = YES;
				CLANG_CXX_LANGUAGE_STANDARD = "gnu++0x";
				CLANG_CXX_LIBRARY = "libc++";
				CLANG_ENABLE_MODULES = YES;
				CLANG_ENABLE_OBJC_ARC = YES;
				CLANG_WARN_BOOL_CONVERSION = YES;
				CLANG_WARN_CONSTANT_CONVERSION = YES;
				CLANG_WARN_DIRECT_OBJC_ISA_USAGE = YES_ERROR;
				CLANG_WARN_DOCUMENTATION_COMMENTS = YES;
				CLANG_WARN_EMPTY_BODY = YES;
				CLANG_WARN_ENUM_CONVERSION = YES;
				CLANG_WARN_INFINITE_RECURSION = YES;
				CLANG_WARN_INT_CONVERSION = YES;
				CLANG_WARN_OBJC_ROOT_CLASS = YES_ERROR;
				CLANG_WARN_SUSPICIOUS_MOVE = YES;
				CLANG_WARN_SUSPICIOUS_MOVES = YES;
				CLANG_WARN_UNREACHABLE_CODE = YES;
				CLANG_WARN__DUPLICATE_METHOD_MATCH = YES;
				"CODE_SIGN_IDENTITY[sdk=iphoneos*]" = "iPhone Developer";
				COPY_PHASE_STRIP = NO;
				DEBUG_INFORMATION_FORMAT = dwarf;
				ENABLE_STRICT_OBJC_MSGSEND = YES;
				ENABLE_TESTABILITY = YES;
				GCC_C_LANGUAGE_STANDARD = gnu99;
				GCC_DYNAMIC_NO_PIC = NO;
				GCC_NO_COMMON_BLOCKS = YES;
				GCC_OPTIMIZATION_LEVEL = 0;
				GCC_PREPROCESSOR_DEFINITIONS = (
					"DEBUG=1",
					"$(inherited)",
				);
				GCC_WARN_64_TO_32_BIT_CONVERSION = YES;
				GCC_WARN_ABOUT_RETURN_TYPE = YES_ERROR;
				GCC_WARN_UNDECLARED_SELECTOR = YES;
				GCC_WARN_UNINITIALIZED_AUTOS = YES_AGGRESSIVE;
				GCC_WARN_UNUSED_FUNCTION = YES;
				GCC_WARN_UNUSED_VARIABLE = YES;
				IPHONEOS_DEPLOYMENT_TARGET = 10.0;
				MTL_ENABLE_DEBUG_INFO = YES;
				ONLY_ACTIVE_ARCH = YES;
				SDKROOT = iphoneos;
				SWIFT_ACTIVE_COMPILATION_CONDITIONS = DEBUG;
				SWIFT_OPTIMIZATION_LEVEL = "-Onone";
			};
			name = Debug;
		};
		3F7211301D9C05C100325BC1 /* Release */ = {
			isa = XCBuildConfiguration;
			buildSettings = {
				ALWAYS_SEARCH_USER_PATHS = NO;
				CLANG_ANALYZER_NONNULL = YES;
				CLANG_CXX_LANGUAGE_STANDARD = "gnu++0x";
				CLANG_CXX_LIBRARY = "libc++";
				CLANG_ENABLE_MODULES = YES;
				CLANG_ENABLE_OBJC_ARC = YES;
				CLANG_WARN_BOOL_CONVERSION = YES;
				CLANG_WARN_CONSTANT_CONVERSION = YES;
				CLANG_WARN_DIRECT_OBJC_ISA_USAGE = YES_ERROR;
				CLANG_WARN_DOCUMENTATION_COMMENTS = YES;
				CLANG_WARN_EMPTY_BODY = YES;
				CLANG_WARN_ENUM_CONVERSION = YES;
				CLANG_WARN_INFINITE_RECURSION = YES;
				CLANG_WARN_INT_CONVERSION = YES;
				CLANG_WARN_OBJC_ROOT_CLASS = YES_ERROR;
				CLANG_WARN_SUSPICIOUS_MOVE = YES;
				CLANG_WARN_SUSPICIOUS_MOVES = YES;
				CLANG_WARN_UNREACHABLE_CODE = YES;
				CLANG_WARN__DUPLICATE_METHOD_MATCH = YES;
				"CODE_SIGN_IDENTITY[sdk=iphoneos*]" = "iPhone Developer";
				COPY_PHASE_STRIP = NO;
				DEBUG_INFORMATION_FORMAT = "dwarf-with-dsym";
				ENABLE_NS_ASSERTIONS = NO;
				ENABLE_STRICT_OBJC_MSGSEND = YES;
				GCC_C_LANGUAGE_STANDARD = gnu99;
				GCC_NO_COMMON_BLOCKS = YES;
				GCC_WARN_64_TO_32_BIT_CONVERSION = YES;
				GCC_WARN_ABOUT_RETURN_TYPE = YES_ERROR;
				GCC_WARN_UNDECLARED_SELECTOR = YES;
				GCC_WARN_UNINITIALIZED_AUTOS = YES_AGGRESSIVE;
				GCC_WARN_UNUSED_FUNCTION = YES;
				GCC_WARN_UNUSED_VARIABLE = YES;
				IPHONEOS_DEPLOYMENT_TARGET = 10.0;
				MTL_ENABLE_DEBUG_INFO = NO;
				SDKROOT = iphoneos;
				SWIFT_OPTIMIZATION_LEVEL = "-Owholemodule";
				VALIDATE_PRODUCT = YES;
			};
			name = Release;
		};
		3F7211321D9C05C100325BC1 /* Debug */ = {
			isa = XCBuildConfiguration;
			baseConfigurationReference = 21C387D86C5F4D077E43BD1D /* Pods-AdDemo.debug.xcconfig */;
			buildSettings = {
				ASSETCATALOG_COMPILER_APPICON_NAME = AppIcon;
				INFOPLIST_FILE = AdDemo/Info.plist;
				LD_RUNPATH_SEARCH_PATHS = "$(inherited) @executable_path/Frameworks";
				PRODUCT_BUNDLE_IDENTIFIER = "cn.swift-cn.AdDemo";
				PRODUCT_NAME = "$(TARGET_NAME)";
				SWIFT_VERSION = 3.0;
			};
			name = Debug;
		};
		3F7211331D9C05C100325BC1 /* Release */ = {
			isa = XCBuildConfiguration;
			baseConfigurationReference = EE617D807EEA12A408DA704B /* Pods-AdDemo.release.xcconfig */;
			buildSettings = {
				ASSETCATALOG_COMPILER_APPICON_NAME = AppIcon;
				INFOPLIST_FILE = AdDemo/Info.plist;
				LD_RUNPATH_SEARCH_PATHS = "$(inherited) @executable_path/Frameworks";
				PRODUCT_BUNDLE_IDENTIFIER = "cn.swift-cn.AdDemo";
				PRODUCT_NAME = "$(TARGET_NAME)";
				SWIFT_VERSION = 3.0;
			};
			name = Release;
		};
/* End XCBuildConfiguration section */

/* Begin XCConfigurationList section */
		3F72111A1D9C05C100325BC1 /* Build configuration list for PBXProject "AdDemo" */ = {
			isa = XCConfigurationList;
			buildConfigurations = (
				3F72112F1D9C05C100325BC1 /* Debug */,
				3F7211301D9C05C100325BC1 /* Release */,
			);
			defaultConfigurationIsVisible = 0;
			defaultConfigurationName = Release;
		};
		3F7211311D9C05C100325BC1 /* Build configuration list for PBXNativeTarget "AdDemo" */ = {
			isa = XCConfigurationList;
			buildConfigurations = (
				3F7211321D9C05C100325BC1 /* Debug */,
				3F7211331D9C05C100325BC1 /* Release */,
			);
			defaultConfigurationIsVisible = 0;
			defaultConfigurationName = Release;
		};
/* End XCConfigurationList section */
	};
	rootObject = 3F7211171D9C05C100325BC1 /* Project object */;
}
